PODS:
  - Flutter (1.0.0)
  - razorpay-pod (1.1.2)
  - razorpay_plugin (0.0.1):
    - Flutter
    - razorpay-pod (~> 1.1.2)

DEPENDENCIES:
  - Flutter (from `.symlinks/flutter/ios`)
  - razorpay_plugin (from `.symlinks/plugins/razorpay_plugin/ios`)

SPEC REPOS:
  https://github.com/cocoapods/specs.git:
    - razorpay-pod

EXTERNAL SOURCES:
  Flutter:
    :path: ".symlinks/flutter/ios"
  razorpay_plugin:
    :path: ".symlinks/plugins/razorpay_plugin/ios"

SPEC CHECKSUMS:
  Flutter: 58dd7d1b27887414a370fcccb9e645c08ffd7a6a
  razorpay-pod: bd7b4bfedd59002e7c30d96dd71fe31e740f2bcf
  razorpay_plugin: 875b159a57298205d21cf42bd8fd02349af0833c

PODFILE CHECKSUM: 7765ea4305eaab0b3dfd384c7de11902aa3195fd

COCOAPODS: 1.6.1
